<?xml version="1.0" encoding="utf-8"?>
<Project ToolsVersion="4.0" xmlns="http://schemas.microsoft.com/developer/msbuild/2003">
  <ItemGroup>
    <Filter Include="Source Files">
      <UniqueIdentifier>{4FC737F1-C7A5-4376-A066-2A32D752A2FF}</UniqueIdentifier>
      <Extensions>cpp;c;cc;cxx;def;odl;idl;hpj;bat;asm;asmx</Extensions>
    </Filter>
    <Filter Include="Header Files">
      <UniqueIdentifier>{93995380-89BD-4b04-88EB-625FBE52EBFB}</UniqueIdentifier>
      <Extensions>h;hh;hpp;hxx;hm;inl;inc;xsd</Extensions>
    </Filter>
    <Filter Include="Resource Files">
      <UniqueIdentifier>{67DA6AB6-F800-4c08-8B7A-83BB121AAD01}</UniqueIdentifier>
      <Extensions>rc;ico;cur;bmp;dlg;rc2;rct;bin;rgs;gif;jpg;jpeg;jpe;resx;tiff;tif;png;wav;mfcribbon-ms</Extensions>
    </Filter>
    <Filter Include="Header Files\Algorithms">
      <UniqueIdentifier>{f2391ddf-d086-44e9-9b8a-6678cdf15081}</UniqueIdentifier>
    </Filter>
    <Filter Include="Header Files\DataStructures">
      <UniqueIdentifier>{f40c40d6-3c05-4cf7-ad34-6abab89ad139}</UniqueIdentifier>
    </Filter>
    <Filter Include="Header Files\DesignPatterns">
      <UniqueIdentifier>{3b32632f-1731-4157-b677-6cb649bf3beb}</UniqueIdentifier>
    </Filter>
    <Filter Include="Header Files\DataStructures\Tree">
      <UniqueIdentifier>{58bf33fa-1c51-4251-a10c-9e819e5489de}</UniqueIdentifier>
    </Filter>
    <Filter Include="Header Files\DataStructures\Tree\BST">
      <UniqueIdentifier>{9bd06188-b992-478d-8b14-cfc41136ed95}</UniqueIdentifier>
    </Filter>
    <Filter Include="Header Files\DataStructures\Linear">
      <UniqueIdentifier>{807b7fc5-3ab2-4e60-9705-b5fac4accd3f}</UniqueIdentifier>
    </Filter>
    <Filter Include="Header Files\DataStructures\Cluster">
      <UniqueIdentifier>{cd28a63c-9375-439d-8b6f-0b2510934c59}</UniqueIdentifier>
    </Filter>
    <Filter Include="Header Files\Algorithms\DynamicProgramming">
      <UniqueIdentifier>{55e56d0c-53c5-4e0c-9c82-fdd455215ceb}</UniqueIdentifier>
    </Filter>
    <Filter Include="Header Files\Algorithms\Math">
      <UniqueIdentifier>{61fa367b-f557-4e75-9681-2ab138fc8f80}</UniqueIdentifier>
    </Filter>
    <Filter Include="Header Files\Algorithms\GraphTheory">
      <UniqueIdentifier>{f027cf5d-29d2-4e54-95f9-e90e614566fa}</UniqueIdentifier>
    </Filter>
    <Filter Include="Header Files\Algorithms\Greedy">
      <UniqueIdentifier>{7ee1a454-33c7-4883-be27-2d437956acae}</UniqueIdentifier>
    </Filter>
    <Filter Include="Header Files\Algorithms\Linear">
      <UniqueIdentifier>{433546b9-feec-4b3d-89b8-78362a378667}</UniqueIdentifier>
    </Filter>
    <Filter Include="Header Files\Algorithms\Sorts">
      <UniqueIdentifier>{cede40ef-9191-4f13-9141-565030ff76bb}</UniqueIdentifier>
    </Filter>
    <Filter Include="Header Files\DataStructures\Spatial">
      <UniqueIdentifier>{5c19cb3e-0b7f-4e5a-b471-0a96bd37cd92}</UniqueIdentifier>
    </Filter>
    <Filter Include="Header Files\DataStructures\Strings">
      <UniqueIdentifier>{ba7c7f7f-17cf-40f2-a04c-2199a9e158c5}</UniqueIdentifier>
    </Filter>
    <Filter Include="Header Files\Algorithms\Strings">
      <UniqueIdentifier>{b035e948-2a43-49a2-9688-d410bcbf1b40}</UniqueIdentifier>
    </Filter>
    <Filter Include="Header Files\Algorithms\Games">
      <UniqueIdentifier>{b34ac022-dd8a-4981-a1ac-83aa5855dc20}</UniqueIdentifier>
    </Filter>
    <Filter Include="Header Files\Algorithms\BitsManipulation">
      <UniqueIdentifier>{41415bb3-5622-4d37-843a-7444d6799254}</UniqueIdentifier>
    </Filter>
    <Filter Include="Header Files\Algorithms\Simulation">
      <UniqueIdentifier>{8d3c4d12-e108-46c1-91e5-f60393e93075}</UniqueIdentifier>
    </Filter>
    <Filter Include="Header Files\DataStructures\Geometry">
      <UniqueIdentifier>{af83d17f-1885-41ec-a653-92df3cf558bd}</UniqueIdentifier>
    </Filter>
    <Filter Include="Header Files\QuickReferences">
      <UniqueIdentifier>{8596299b-8911-44b9-b5f7-968cd64dfc52}</UniqueIdentifier>
    </Filter>
    <Filter Include="Header Files\DataStructures\Time">
      <UniqueIdentifier>{3f95dfda-ddb8-4bc5-9af3-13d868c048d8}</UniqueIdentifier>
    </Filter>
    <Filter Include="Header Files\Algorithms\DynamicProgramming\1D">
      <UniqueIdentifier>{0b2c4d44-2ab9-41a0-8c09-334fc46499d4}</UniqueIdentifier>
    </Filter>
    <Filter Include="Header Files\Algorithms\DynamicProgramming\2D">
      <UniqueIdentifier>{1691edb0-75f3-49f8-8ba6-0a050f5aca64}</UniqueIdentifier>
    </Filter>
    <Filter Include="Source Files\Toolkits">
      <UniqueIdentifier>{d7f98305-b1c5-4081-95d3-c0e49fe02581}</UniqueIdentifier>
    </Filter>
    <Filter Include="Header Files\Toolkits">
      <UniqueIdentifier>{fae55a29-8a5c-4cd9-9609-1126d3676b70}</UniqueIdentifier>
    </Filter>
    <Filter Include="Header Files\Algorithms\Search">
      <UniqueIdentifier>{8a792317-eaf9-4db3-808e-57abcd6d9783}</UniqueIdentifier>
    </Filter>
    <Filter Include="Header Files\Algorithms\DynamicProgramming\Tree">
      <UniqueIdentifier>{c25f7767-8dad-4b78-bd34-8f8611096dfd}</UniqueIdentifier>
    </Filter>
    <Filter Include="Header Files\DataStructures\Hashing">
      <UniqueIdentifier>{fadd44ab-a192-44b9-af8f-2e623c5cc4c8}</UniqueIdentifier>
    </Filter>
    <Filter Include="Header Files\Algorithms\Math\HighPrecision">
      <UniqueIdentifier>{c0eb9632-3050-4068-90d4-dd97c5544847}</UniqueIdentifier>
    </Filter>
    <Filter Include="Header Files\MachineLearning">
      <UniqueIdentifier>{a41b4946-20b8-4044-8910-887d89152941}</UniqueIdentifier>
    </Filter>
    <Filter Include="Header Files\DataStructures\OperatingSystems">
      <UniqueIdentifier>{7a46c197-45f3-41a3-87ed-0f93d68ad8cc}</UniqueIdentifier>
    </Filter>
  </ItemGroup>
  <ItemGroup>
    <ClInclude Include="common.h">
      <Filter>Header Files</Filter>
    </ClInclude>
    <ClInclude Include="Palindrome.h">
      <Filter>Header Files\Algorithms\Linear</Filter>
    </ClInclude>
    <ClInclude Include="RSQ.h">
      <Filter>Header Files\Algorithms\Linear</Filter>
    </ClInclude>
    <ClInclude Include="Scanning.h">
      <Filter>Header Files\Algorithms\Linear</Filter>
    </ClInclude>
    <ClInclude Include="DPKnapsack.h">
      <Filter>Header Files\Algorithms\DynamicProgramming\1D</Filter>
    </ClInclude>
    <ClInclude Include="DPLCS.h">
      <Filter>Header Files\Algorithms\DynamicProgramming\1D</Filter>
    </ClInclude>
    <ClInclude Include="DPLIS.h">
      <Filter>Header Files\Algorithms\DynamicProgramming\1D</Filter>
    </ClInclude>
    <ClInclude Include="DPStock.h">
      <Filter>Header Files\Algorithms\DynamicProgramming\1D</Filter>
    </ClInclude>
    <ClInclude Include="DPNumbers.h">
      <Filter>Header Files\Algorithms\DynamicProgramming\1D</Filter>
    </ClInclude>
    <ClInclude Include="DPGrid.h">
      <Filter>Header Files\Algorithms\DynamicProgramming\2D</Filter>
    </ClInclude>
    <ClInclude Include="DPLinear.h">
      <Filter>Header Files\Algorithms\DynamicProgramming\1D</Filter>
    </ClInclude>
    <ClInclude Include="DPTree.h">
      <Filter>Header Files\Algorithms\DynamicProgramming\Tree</Filter>
    </ClInclude>
    <ClInclude Include="GameTheory.h">
      <Filter>Header Files\Algorithms\Games</Filter>
    </ClInclude>
    <ClInclude Include="GameNim.h">
      <Filter>Header Files\Algorithms\Games</Filter>
    </ClInclude>
    <ClInclude Include="GameNQueen.h">
      <Filter>Header Files\Algorithms\Games</Filter>
    </ClInclude>
    <ClInclude Include="GameTicTacToe.h">
      <Filter>Header Files\Algorithms\Games</Filter>
    </ClInclude>
    <ClInclude Include="GraphDijkstra.h">
      <Filter>Header Files\Algorithms\GraphTheory</Filter>
    </ClInclude>
    <ClInclude Include="GraphNetworkFlow.h">
      <Filter>Header Files\Algorithms\GraphTheory</Filter>
    </ClInclude>
    <ClInclude Include="Greedy.h">
      <Filter>Header Files\Algorithms\Greedy</Filter>
    </ClInclude>
    <ClInclude Include="HashMaps.h">
      <Filter>Header Files\DataStructures\Hashing</Filter>
    </ClInclude>
    <ClInclude Include="BigInt.h">
      <Filter>Header Files\Algorithms\Math\HighPrecision</Filter>
    </ClInclude>
    <ClInclude Include="Fraction.h">
      <Filter>Header Files\Algorithms\Math\HighPrecision</Filter>
    </ClInclude>
    <ClInclude Include="MathCount.h">
      <Filter>Header Files\Algorithms\Math</Filter>
    </ClInclude>
    <ClInclude Include="MathMisc.h">
      <Filter>Header Files\Algorithms\Math</Filter>
    </ClInclude>
    <ClInclude Include="MathMods.h">
      <Filter>Header Files\Algorithms\Math</Filter>
    </ClInclude>
    <ClInclude Include="MathNumbers.h">
      <Filter>Header Files\Algorithms\Math</Filter>
    </ClInclude>
    <ClInclude Include="MathPermutation.h">
      <Filter>Header Files\Algorithms\Math</Filter>
    </ClInclude>
    <ClInclude Include="MathPrime.h">
      <Filter>Header Files\Algorithms\Math</Filter>
    </ClInclude>
    <ClInclude Include="MathRandom.h">
      <Filter>Header Files\Algorithms\Math</Filter>
    </ClInclude>
    <ClInclude Include="SearchBFS.h">
      <Filter>Header Files\Algorithms\Search</Filter>
    </ClInclude>
    <ClInclude Include="SearchBinary.h">
      <Filter>Header Files\Algorithms\Search</Filter>
    </ClInclude>
    <ClInclude Include="SearchDFS.h">
      <Filter>Header Files\Algorithms\Search</Filter>
    </ClInclude>
    <ClInclude Include="SimulationNum2Word.h">
      <Filter>Header Files\Algorithms\Simulation</Filter>
    </ClInclude>
    <ClInclude Include="SortBubble.h">
      <Filter>Header Files\Algorithms\Sorts</Filter>
    </ClInclude>
    <ClInclude Include="SortInsert.h">
      <Filter>Header Files\Algorithms\Sorts</Filter>
    </ClInclude>
    <ClInclude Include="SortMerge.h">
      <Filter>Header Files\Algorithms\Sorts</Filter>
    </ClInclude>
    <ClInclude Include="SortQuick.h">
      <Filter>Header Files\Algorithms\Sorts</Filter>
    </ClInclude>
    <ClInclude Include="SortTiny.h">
      <Filter>Header Files\Algorithms\Sorts</Filter>
    </ClInclude>
    <ClInclude Include="StringCTricks.h">
      <Filter>Header Files\Algorithms\Strings</Filter>
    </ClInclude>
    <ClInclude Include="StringKMP.h">
      <Filter>Header Files\Algorithms\Strings</Filter>
    </ClInclude>
    <ClInclude Include="StringRabinKarp.h">
      <Filter>Header Files\Algorithms\Strings</Filter>
    </ClInclude>
    <ClInclude Include="BitsManipulation.h">
      <Filter>Header Files\Algorithms\BitsManipulation</Filter>
    </ClInclude>
    <ClInclude Include="UnionSets.h">
      <Filter>Header Files\DataStructures\Cluster</Filter>
    </ClInclude>
    <ClInclude Include="GeoLines.h">
      <Filter>Header Files\DataStructures\Geometry</Filter>
    </ClInclude>
    <ClInclude Include="Intervals.h">
      <Filter>Header Files\DataStructures\Linear</Filter>
    </ClInclude>
    <ClInclude Include="LinkedLists.h">
      <Filter>Header Files\DataStructures\Linear</Filter>
    </ClInclude>
    <ClInclude Include="Queues.h">
      <Filter>Header Files\DataStructures\Linear</Filter>
    </ClInclude>
    <ClInclude Include="Stacks.h">
      <Filter>Header Files\DataStructures\Linear</Filter>
    </ClInclude>
    <ClInclude Include="Grids.h">
      <Filter>Header Files\DataStructures\Spatial</Filter>
    </ClInclude>
    <ClInclude Include="Tries.h">
      <Filter>Header Files\DataStructures\Strings</Filter>
    </ClInclude>
    <ClInclude Include="Times.h">
      <Filter>Header Files\DataStructures\Time</Filter>
    </ClInclude>
    <ClInclude Include="BinarySearchTrees.h">
      <Filter>Header Files\DataStructures\Tree\BST</Filter>
    </ClInclude>
    <ClInclude Include="Heaps.h">
      <Filter>Header Files\DataStructures\Tree\BST</Filter>
    </ClInclude>
    <ClInclude Include="Multisets.h">
      <Filter>Header Files\DataStructures\Tree\BST</Filter>
    </ClInclude>
    <ClInclude Include="Treaps.h">
      <Filter>Header Files\DataStructures\Tree\BST</Filter>
    </ClInclude>
    <ClInclude Include="BinaryTrees.h">
      <Filter>Header Files\DataStructures\Tree</Filter>
    </ClInclude>
    <ClInclude Include="PatternAbstractFactory.h">
      <Filter>Header Files\DesignPatterns</Filter>
    </ClInclude>
    <ClInclude Include="PatternFactory.h">
      <Filter>Header Files\DesignPatterns</Filter>
    </ClInclude>
    <ClInclude Include="PatternSingleton.h">
      <Filter>Header Files\DesignPatterns</Filter>
    </ClInclude>
    <ClInclude Include="Cpp11.h">
      <Filter>Header Files\QuickReferences</Filter>
    </ClInclude>
    <ClInclude Include="Cpp14.h">
      <Filter>Header Files\QuickReferences</Filter>
    </ClInclude>
    <ClInclude Include="Cpp17.h">
      <Filter>Header Files\QuickReferences</Filter>
    </ClInclude>
    <ClInclude Include="CppWired.h">
      <Filter>Header Files\QuickReferences</Filter>
    </ClInclude>
    <ClInclude Include="CIO.h">
      <Filter>Header Files\QuickReferences</Filter>
    </ClInclude>
    <ClInclude Include="GraphMisc.h">
      <Filter>Header Files\Algorithms\GraphTheory</Filter>
    </ClInclude>
    <ClInclude Include="QuadTrees.h">
      <Filter>Header Files\DataStructures\Spatial</Filter>
    </ClInclude>
    <ClInclude Include="StringSTL.h">
      <Filter>Header Files\Algorithms\Strings</Filter>
    </ClInclude>
    <ClInclude Include="StringSuffixArrays.h">
      <Filter>Header Files\DataStructures\Strings</Filter>
    </ClInclude>
    <ClInclude Include="GraphKruskal.h">
      <Filter>Header Files\Algorithms\GraphTheory</Filter>
    </ClInclude>
    <ClInclude Include="GraphPrim.h">
      <Filter>Header Files\Algorithms\GraphTheory</Filter>
    </ClInclude>
    <ClInclude Include="GraphFloyd.h">
      <Filter>Header Files\Algorithms\GraphTheory</Filter>
    </ClInclude>
    <ClInclude Include="SortMisc.h">
      <Filter>Header Files\Algorithms\Sorts</Filter>
    </ClInclude>
    <ClInclude Include="SortSTL.h">
      <Filter>Header Files\Algorithms\Sorts</Filter>
    </ClInclude>
    <ClInclude Include="PatternRAII.h">
      <Filter>Header Files\DesignPatterns</Filter>
    </ClInclude>
    <ClInclude Include="MathSampling.h">
      <Filter>Header Files\Algorithms\Math</Filter>
    </ClInclude>
    <ClInclude Include="RedBlackTree.h">
      <Filter>Header Files\DataStructures\Tree\BST</Filter>
    </ClInclude>
    <ClInclude Include="GameSudoku.h">
      <Filter>Header Files\Algorithms\Games</Filter>
    </ClInclude>
    <ClInclude Include="GraphBipartite.h">
      <Filter>Header Files\Algorithms\GraphTheory</Filter>
    </ClInclude>
    <ClInclude Include="GeoPoints.h">
      <Filter>Header Files\DataStructures\Geometry</Filter>
    </ClInclude>
    <ClInclude Include="GeoPolygons.h">
      <Filter>Header Files\DataStructures\Geometry</Filter>
    </ClInclude>
    <ClInclude Include="Geo3D.h">
      <Filter>Header Files\DataStructures\Geometry</Filter>
    </ClInclude>
    <ClInclude Include="SearchGrid.h">
      <Filter>Header Files\Algorithms\Search</Filter>
    </ClInclude>
    <ClInclude Include="Octree.h">
      <Filter>Header Files\DataStructures\Spatial</Filter>
    </ClInclude>
    <ClInclude Include="RMQ.h">
      <Filter>Header Files\Algorithms\Linear</Filter>
    </ClInclude>
    <ClInclude Include="DuConfig.h">
      <Filter>Header Files\Toolkits</Filter>
    </ClInclude>
    <ClInclude Include="DuTimer.h">
      <Filter>Header Files\Toolkits</Filter>
    </ClInclude>
    <ClInclude Include="DuUtils.h">
      <Filter>Header Files\Toolkits</Filter>
    </ClInclude>
    <ClInclude Include="dirent.h">
      <Filter>Header Files\Toolkits</Filter>
    </ClInclude>
    <ClInclude Include="MathMatrix.h">
      <Filter>Header Files\Algorithms\Math</Filter>
    </ClInclude>
    <ClInclude Include="StringMisc.h">
      <Filter>Header Files\Algorithms\Strings</Filter>
    </ClInclude>
    <ClInclude Include="ArrayInPlace.h">
      <Filter>Header Files\DataStructures\Linear</Filter>
    </ClInclude>
    <ClInclude Include="HPMisc.h">
      <Filter>Header Files\Algorithms\Math\HighPrecision</Filter>
    </ClInclude>
    <ClInclude Include="DPEditDistance.h">
      <Filter>Header Files\Algorithms\DynamicProgramming\1D</Filter>
    </ClInclude>
    <ClInclude Include="GridsInPlace.h">
      <Filter>Header Files\DataStructures\Spatial</Filter>
    </ClInclude>
    <ClInclude Include="SortCount.h">
      <Filter>Header Files\Algorithms\Sorts</Filter>
    </ClInclude>
    <ClInclude Include="DPCounts.h">
      <Filter>Header Files\Algorithms\DynamicProgramming\1D</Filter>
    </ClInclude>
    <ClInclude Include="SegmentTreeX2.h">
      <Filter>Header Files\DataStructures\Spatial</Filter>
    </ClInclude>
    <ClInclude Include="SegmentTrees.h">
      <Filter>Header Files\DataStructures\Spatial</Filter>
    </ClInclude>
    <ClInclude Include="MathDeduction.h">
      <Filter>Header Files\Algorithms\Math</Filter>
    </ClInclude>
    <ClInclude Include="LRUCache.h">
      <Filter>Header Files\DataStructures\OperatingSystems</Filter>
    </ClInclude>
    <ClInclude Include="LFUCache.h">
      <Filter>Header Files\DataStructures\OperatingSystems</Filter>
    </ClInclude>
    <ClInclude Include="GameGo.h">
      <Filter>Header Files\Algorithms\Games</Filter>
    </ClInclude>
    <ClInclude Include="SortBucket.h">
      <Filter>Header Files\Algorithms\Sorts</Filter>
    </ClInclude>
  </ItemGroup>
  <ItemGroup>
    <ClCompile Include="main.cpp">
      <Filter>Source Files</Filter>
    </ClCompile>
    <ClCompile Include="DuConfig.cpp">
      <Filter>Source Files\Toolkits</Filter>
    </ClCompile>
    <ClCompile Include="DuTimer.cpp">
      <Filter>Source Files\Toolkits</Filter>
    </ClCompile>
    <ClCompile Include="DuUtils.cpp">
      <Filter>Source Files\Toolkits</Filter>
    </ClCompile>
  </ItemGroup>
  <ItemGroup>
    <None Include="..\README.md">
      <Filter>Resource Files</Filter>
    </None>
  </ItemGroup>
</Project>